
Microsoft Visual Studio Solution File, Format Version 12.00
# Visual Studio Version 17
VisualStudioVersion = 17.10.35027.167
MinimumVisualStudioVersion = 10.0.40219.1
Project("{FAE04EC0-301F-11D3-BF4B-00C04F79EFBC}") = "Bloco de notas", "Bloco de notas\Bloco de notas.csproj", "{210D3483-30AF-4236-9B58-DC38633E2ECF}"
EndProject
Global
	GlobalSection(SolutionConfigurationPlatforms) = preSolution
		Debug|Any CPU = Debug|Any CPU
		Release|Any CPU = Release|Any CPU
	EndGlobalSection
	GlobalSection(ProjectConfigurationPlatforms) = postSolution
		{210D3483-30AF-4236-9B58-DC38633E2ECF}.Debug|Any CPU.ActiveCfg = Debug|Any CPU
		{210D3483-30AF-4236-9B58-DC38633E2ECF}.Debug|Any CPU.Build.0 = Debug|Any CPU
		{210D3483-30AF-4236-9B58-DC38633E2ECF}.Release|Any CPU.ActiveCfg = Release|Any CPU
		{210D3483-30AF-4236-9B58-DC38633E2ECF}.Release|Any CPU.Build.0 = Release|Any CPU
	EndGlobalSection
	GlobalSection(SolutionProperties) = preSolution
		HideSolutionNode = FALSE
	EndGlobalSection
	GlobalSection(ExtensibilityGlobals) = postSolution
		SolutionGuid = {F47FBC87-A3CE-4870-99D5-D9EDFA956F98}
	EndGlobalSection
EndGlobal
